
Microsoft Visual Studio Solution File, Format Version 12.00
# Visual Studio Version 17
VisualStudioVersion = 17.13.35919.96 d17.13
MinimumVisualStudioVersion = 10.0.40219.1
Project("{FAE04EC0-301F-11D3-BF4B-00C04F79EFBC}") = "IdentityChatEmailNight", "IdentityChatEmailNight\IdentityChatEmailNight.csproj", "{29EF4FE0-0CE6-4F89-A10E-F0E1174EE7FA}"
EndProject
Global
	GlobalSection(SolutionConfigurationPlatforms) = preSolution
		Debug|Any CPU = Debug|Any CPU
		Release|Any CPU = Release|Any CPU
	EndGlobalSection
	GlobalSection(ProjectConfigurationPlatforms) = postSolution
		{29EF4FE0-0CE6-4F89-A10E-F0E1174EE7FA}.Debug|Any CPU.ActiveCfg = Debug|Any CPU
		{29EF4FE0-0CE6-4F89-A10E-F0E1174EE7FA}.Debug|Any CPU.Build.0 = Debug|Any CPU
		{29EF4FE0-0CE6-4F89-A10E-F0E1174EE7FA}.Release|Any CPU.ActiveCfg = Release|Any CPU
		{29EF4FE0-0CE6-4F89-A10E-F0E1174EE7FA}.Release|Any CPU.Build.0 = Release|Any CPU
	EndGlobalSection
	GlobalSection(SolutionProperties) = preSolution
		HideSolutionNode = FALSE
	EndGlobalSection
	GlobalSection(ExtensibilityGlobals) = postSolution
		SolutionGuid = {526432E7-A8D5-4C80-84D7-91C78CB162BF}
	EndGlobalSection
EndGlobal
